{
  "name": "kixx-test",
  "version": "1.1.0",
  "lockfileVersion": 1,
  "requires": true,
  "dependencies": {
    "kixx-assert": {
      "version": "1.0.3",
      "resolved": "https://registry.npmjs.org/kixx-assert/-/kixx-assert-1.0.3.tgz",
      "integrity": "sha512-NElt8tZq4Cl5iN4LU9KfFthZd6BZh0+hGbJxFKLGNeWIoVQGsdSndnWc1SZAIPmR+qmfTOLF2mTjkLS4t0VW/Q==",
      "dev": true
    }
  }
}
